
Microsoft Visual Studio Solution File, Format Version 12.00
# Visual Studio Version 16
VisualStudioVersion = 16.0.29123.88
MinimumVisualStudioVersion = 10.0.40219.1
Project("{9A19103F-16F7-4668-BE54-9A1E7A4F7556}") = "Day1.Part1", "Day1.Part1\Day1.Part1.csproj", "{D9ADFE45-345D-4A69-AEE3-21A6891D6EB2}"
EndProject
Project("{9A19103F-16F7-4668-BE54-9A1E7A4F7556}") = "Day1.Part2", "Day1.Part2\Day1.Part2.csproj", "{3B6F4D5C-721A-48A0-833F-A83BE274994A}"
EndProject
Project("{9A19103F-16F7-4668-BE54-9A1E7A4F7556}") = "Day3.Part1", "Day3.Part1\Day3.Part1.csproj", "{FC191840-FC47-4805-A85E-B3F522E41E0E}"
EndProject
Project("{9A19103F-16F7-4668-BE54-9A1E7A4F7556}") = "Day2.Part1", "Day2.Part1\Day2.Part1.csproj", "{4B2C04DB-EB39-4EA0-A519-DAF2093A19F9}"
EndProject
Project("{9A19103F-16F7-4668-BE54-9A1E7A4F7556}") = "Day2.Part2", "Day2.Part2\Day2.Part2.csproj", "{1FAEA224-50A1-4A3E-B168-32F9B77A1B46}"
EndProject
Project("{9A19103F-16F7-4668-BE54-9A1E7A4F7556}") = "Day3.Part2", "Day3.Part2\Day3.Part2.csproj", "{A592FE4F-65F5-4A3A-93AC-83352B74C76A}"
EndProject
Project("{9A19103F-16F7-4668-BE54-9A1E7A4F7556}") = "Day4.Part1", "Day4.Part1\Day4.Part1.csproj", "{CA3A5A4F-6434-472A-B72A-91565B031A95}"
EndProject
Global
	GlobalSection(SolutionConfigurationPlatforms) = preSolution
		Debug|Any CPU = Debug|Any CPU
		Release|Any CPU = Release|Any CPU
	EndGlobalSection
	GlobalSection(ProjectConfigurationPlatforms) = postSolution
		{D9ADFE45-345D-4A69-AEE3-21A6891D6EB2}.Debug|Any CPU.ActiveCfg = Debug|Any CPU
		{D9ADFE45-345D-4A69-AEE3-21A6891D6EB2}.Debug|Any CPU.Build.0 = Debug|Any CPU
		{D9ADFE45-345D-4A69-AEE3-21A6891D6EB2}.Release|Any CPU.ActiveCfg = Release|Any CPU
		{D9ADFE45-345D-4A69-AEE3-21A6891D6EB2}.Release|Any CPU.Build.0 = Release|Any CPU
		{3B6F4D5C-721A-48A0-833F-A83BE274994A}.Debug|Any CPU.ActiveCfg = Debug|Any CPU
		{3B6F4D5C-721A-48A0-833F-A83BE274994A}.Debug|Any CPU.Build.0 = Debug|Any CPU
		{3B6F4D5C-721A-48A0-833F-A83BE274994A}.Release|Any CPU.ActiveCfg = Release|Any CPU
		{3B6F4D5C-721A-48A0-833F-A83BE274994A}.Release|Any CPU.Build.0 = Release|Any CPU
		{FC191840-FC47-4805-A85E-B3F522E41E0E}.Debug|Any CPU.ActiveCfg = Debug|Any CPU
		{FC191840-FC47-4805-A85E-B3F522E41E0E}.Debug|Any CPU.Build.0 = Debug|Any CPU
		{FC191840-FC47-4805-A85E-B3F522E41E0E}.Release|Any CPU.ActiveCfg = Release|Any CPU
		{FC191840-FC47-4805-A85E-B3F522E41E0E}.Release|Any CPU.Build.0 = Release|Any CPU
		{4B2C04DB-EB39-4EA0-A519-DAF2093A19F9}.Debug|Any CPU.ActiveCfg = Debug|Any CPU
		{4B2C04DB-EB39-4EA0-A519-DAF2093A19F9}.Debug|Any CPU.Build.0 = Debug|Any CPU
		{4B2C04DB-EB39-4EA0-A519-DAF2093A19F9}.Release|Any CPU.ActiveCfg = Release|Any CPU
		{4B2C04DB-EB39-4EA0-A519-DAF2093A19F9}.Release|Any CPU.Build.0 = Release|Any CPU
		{1FAEA224-50A1-4A3E-B168-32F9B77A1B46}.Debug|Any CPU.ActiveCfg = Debug|Any CPU
		{1FAEA224-50A1-4A3E-B168-32F9B77A1B46}.Debug|Any CPU.Build.0 = Debug|Any CPU
		{1FAEA224-50A1-4A3E-B168-32F9B77A1B46}.Release|Any CPU.ActiveCfg = Release|Any CPU
		{1FAEA224-50A1-4A3E-B168-32F9B77A1B46}.Release|Any CPU.Build.0 = Release|Any CPU
		{A592FE4F-65F5-4A3A-93AC-83352B74C76A}.Debug|Any CPU.ActiveCfg = Debug|Any CPU
		{A592FE4F-65F5-4A3A-93AC-83352B74C76A}.Debug|Any CPU.Build.0 = Debug|Any CPU
		{A592FE4F-65F5-4A3A-93AC-83352B74C76A}.Release|Any CPU.ActiveCfg = Release|Any CPU
		{A592FE4F-65F5-4A3A-93AC-83352B74C76A}.Release|Any CPU.Build.0 = Release|Any CPU
		{CA3A5A4F-6434-472A-B72A-91565B031A95}.Debug|Any CPU.ActiveCfg = Debug|Any CPU
		{CA3A5A4F-6434-472A-B72A-91565B031A95}.Debug|Any CPU.Build.0 = Debug|Any CPU
		{CA3A5A4F-6434-472A-B72A-91565B031A95}.Release|Any CPU.ActiveCfg = Release|Any CPU
		{CA3A5A4F-6434-472A-B72A-91565B031A95}.Release|Any CPU.Build.0 = Release|Any CPU
	EndGlobalSection
	GlobalSection(SolutionProperties) = preSolution
		HideSolutionNode = FALSE
	EndGlobalSection
	GlobalSection(ExtensibilityGlobals) = postSolution
		SolutionGuid = {C132BED8-AFB8-48C7-AEEE-FB382D362BFC}
	EndGlobalSection
EndGlobal
